
Microsoft Visual Studio Solution File, Format Version 12.00
# Visual Studio Version 16
VisualStudioVersion = 16.0.30320.27
MinimumVisualStudioVersion = 10.0.40219.1
Project("{FAE04EC0-301F-11D3-BF4B-00C04F79EFBC}") = "makeup_postgresql", "makeup_postgresql\makeup_postgresql.csproj", "{A9E9979F-17D2-4C79-8E48-C9ED5CF6CE90}"
EndProject
Global
	GlobalSection(SolutionConfigurationPlatforms) = preSolution
		Debug|Any CPU = Debug|Any CPU
		Release|Any CPU = Release|Any CPU
	EndGlobalSection
	GlobalSection(ProjectConfigurationPlatforms) = postSolution
		{A9E9979F-17D2-4C79-8E48-C9ED5CF6CE90}.Debug|Any CPU.ActiveCfg = Debug|Any CPU
		{A9E9979F-17D2-4C79-8E48-C9ED5CF6CE90}.Debug|Any CPU.Build.0 = Debug|Any CPU
		{A9E9979F-17D2-4C79-8E48-C9ED5CF6CE90}.Release|Any CPU.ActiveCfg = Release|Any CPU
		{A9E9979F-17D2-4C79-8E48-C9ED5CF6CE90}.Release|Any CPU.Build.0 = Release|Any CPU
	EndGlobalSection
	GlobalSection(SolutionProperties) = preSolution
		HideSolutionNode = FALSE
	EndGlobalSection
	GlobalSection(ExtensibilityGlobals) = postSolution
		SolutionGuid = {BD7661DC-30D3-4FDB-AFF3-24FC33C72C18}
	EndGlobalSection
EndGlobal
